
Microsoft Visual Studio Solution File, Format Version 12.00
# Visual Studio Version 16
VisualStudioVersion = 16.0.30907.101
MinimumVisualStudioVersion = 10.0.40219.1
Project("{FAE04EC0-301F-11D3-BF4B-00C04F79EFBC}") = "Memory", "Memory\Memory.csproj", "{D766A0C6-4B49-448C-BE3D-4C9BF748A246}"
EndProject
Global
	GlobalSection(SolutionConfigurationPlatforms) = preSolution
		Debug|Any CPU = Debug|Any CPU
		Release|Any CPU = Release|Any CPU
	EndGlobalSection
	GlobalSection(ProjectConfigurationPlatforms) = postSolution
		{D766A0C6-4B49-448C-BE3D-4C9BF748A246}.Debug|Any CPU.ActiveCfg = Debug|Any CPU
		{D766A0C6-4B49-448C-BE3D-4C9BF748A246}.Debug|Any CPU.Build.0 = Debug|Any CPU
		{D766A0C6-4B49-448C-BE3D-4C9BF748A246}.Release|Any CPU.ActiveCfg = Release|Any CPU
		{D766A0C6-4B49-448C-BE3D-4C9BF748A246}.Release|Any CPU.Build.0 = Release|Any CPU
	EndGlobalSection
	GlobalSection(SolutionProperties) = preSolution
		HideSolutionNode = FALSE
	EndGlobalSection
	GlobalSection(ExtensibilityGlobals) = postSolution
		SolutionGuid = {D3D83A21-E0AA-4E76-95F1-25FB1A2EA7FD}
	EndGlobalSection
EndGlobal
